// !$*UTF8*$!
{
	archiveVersion = 1;
	classes = {
	};
	objectVersion = 46;
	objects = {

/* Begin PBXBuildFile section */
		70D249A48322E2E32E1F0507 /* libPods-MiaowShow.a in Frameworks */ = {isa = PBXBuildFile; fileRef = 6372155D4C47F383711AE057 /* libPods-MiaowShow.a */; };
		BB219BC61D22D06200AF44C1 /* ALinUserView.m in Sources */ = {isa = PBXBuildFile; fileRef = BB219BC51D22D06200AF44C1 /* ALinUserView.m */; };
		BB219BC81D22D06C00AF44C1 /* ALinUserView.xib in Resources */ = {isa = PBXBuildFile; fileRef = BB219BC71D22D06C00AF44C1 /* ALinUserView.xib */; };
		BB219BCB1D22E4C500AF44C1 /* NSObject+ALinHUD.m in Sources */ = {isa = PBXBuildFile; fileRef = BB219BCA1D22E4C500AF44C1 /* NSObject+ALinHUD.m */; };
		BB4980531D23FDC20078D725 /* ALinLiveViewCell.m in Sources */ = {isa = PBXBuildFile; fileRef = BB7207771D1BE2C2007930D4 /* ALinLiveViewCell.m */; };
		BB5956CA1D300A7A004C125B /* IJKMediaFramework.framework in Frameworks */ = {isa = PBXBuildFile; fileRef = BB5956C91D300A7A004C125B /* IJKMediaFramework.framework */; };
		BB7207751D1BDBDD007930D4 /* ALinLiveCollectionViewController.m in Sources */ = {isa = PBXBuildFile; fileRef = BB7207741D1BDBDD007930D4 /* ALinLiveCollectionViewController.m */; };
		BB72077B1D1BE542007930D4 /* ALinLiveFlowLayout.m in Sources */ = {isa = PBXBuildFile; fileRef = BB72077A1D1BE542007930D4 /* ALinLiveFlowLayout.m */; };
		BB87BC401D25A3D4000B084D /* ALinLiveEndView.m in Sources */ = {isa = PBXBuildFile; fileRef = BB87BC3F1D25A3D4000B084D /* ALinLiveEndView.m */; };
		BB87BC421D25A3E8000B084D /* ALinLiveEndView.xib in Resources */ = {isa = PBXBuildFile; fileRef = BB87BC411D25A3E8000B084D /* ALinLiveEndView.xib */; };
		BB9F77371D116A85007BB373 /* ALinHotLiveCell.m in Sources */ = {isa = PBXBuildFile; fileRef = BB9F77351D116A85007BB373 /* ALinHotLiveCell.m */; };
		BB9F77381D116A85007BB373 /* ALinHotLiveCell.xib in Resources */ = {isa = PBXBuildFile; fileRef = BB9F77361D116A85007BB373 /* ALinHotLiveCell.xib */; };
		BBBCA9941D119FB3009ADFCC /* ALinHomeADCell.m in Sources */ = {isa = PBXBuildFile; fileRef = BBBCA9931D119FB3009ADFCC /* ALinHomeADCell.m */; };
		BBBCA9981D11A186009ADFCC /* ALinTopAD.m in Sources */ = {isa = PBXBuildFile; fileRef = BBBCA9971D11A186009ADFCC /* ALinTopAD.m */; };
		BBBCA99D1D11A992009ADFCC /* XRCarouselView.m in Sources */ = {isa = PBXBuildFile; fileRef = BBBCA99B1D11A992009ADFCC /* XRCarouselView.m */; };
		BBBCA9A51D11B486009ADFCC /* ALinWebViewController.m in Sources */ = {isa = PBXBuildFile; fileRef = BBBCA9A41D11B486009ADFCC /* ALinWebViewController.m */; };
		BBDA0D821D2AB3EB00B49588 /* ALinH264Encoder.m in Sources */ = {isa = PBXBuildFile; fileRef = BBDA0D811D2AB3EB00B49588 /* ALinH264Encoder.m */; };
		BBE540B21D0F261900BF723E /* main.m in Sources */ = {isa = PBXBuildFile; fileRef = BBE540B11D0F261900BF723E /* main.m */; };
		BBE540B51D0F261900BF723E /* AppDelegate.m in Sources */ = {isa = PBXBuildFile; fileRef = BBE540B41D0F261900BF723E /* AppDelegate.m */; };
		BBE540BD1D0F261900BF723E /* Assets.xcassets in Resources */ = {isa = PBXBuildFile; fileRef = BBE540BC1D0F261900BF723E /* Assets.xcassets */; };
		BBE540C01D0F261900BF723E /* LaunchScreen.storyboard in Resources */ = {isa = PBXBuildFile; fileRef = BBE540BE1D0F261900BF723E /* LaunchScreen.storyboard */; };
		BBE540CB1D0F261900BF723E /* MiaowShowTests.m in Sources */ = {isa = PBXBuildFile; fileRef = BBE540CA1D0F261900BF723E /* MiaowShowTests.m */; };
		BBE540D61D0F261900BF723E /* MiaowShowUITests.m in Sources */ = {isa = PBXBuildFile; fileRef = BBE540D51D0F261900BF723E /* MiaowShowUITests.m */; };
		BBE540EE1D0F26F300BF723E /* LoginViewController.m in Sources */ = {isa = PBXBuildFile; fileRef = BBE540E71D0F26F300BF723E /* LoginViewController.m */; };
		BBE540EF1D0F26F300BF723E /* ThirdLoginView.m in Sources */ = {isa = PBXBuildFile; fileRef = BBE540EA1D0F26F300BF723E /* ThirdLoginView.m */; };
		BBE540F01D0F26F300BF723E /* login_video.mp4 in Resources */ = {isa = PBXBuildFile; fileRef = BBE540EC1D0F26F300BF723E /* login_video.mp4 */; };
		BBE540F11D0F26F300BF723E /* loginmovie.mp4 in Resources */ = {isa = PBXBuildFile; fileRef = BBE540ED1D0F26F300BF723E /* loginmovie.mp4 */; };
		BBE540F61D0F274400BF723E /* libz.tbd in Frameworks */ = {isa = PBXBuildFile; fileRef = BBE540F51D0F274400BF723E /* libz.tbd */; };
		C70620BE1D12381A00DA3B9B /* UIImageView+Extension.m in Sources */ = {isa = PBXBuildFile; fileRef = C70620BD1D12381A00DA3B9B /* UIImageView+Extension.m */; };
		C72A3F291D0F939D002FC3F5 /* UIViewController+SLHUD.m in Sources */ = {isa = PBXBuildFile; fileRef = C72A3F281D0F939D002FC3F5 /* UIViewController+SLHUD.m */; };
		C72A3F2D1D0F93CE002FC3F5 /* UIView+SLExtension.m in Sources */ = {isa = PBXBuildFile; fileRef = C72A3F2C1D0F93CE002FC3F5 /* UIView+SLExtension.m */; };
		C72A3F311D0F9544002FC3F5 /* MainViewController.m in Sources */ = {isa = PBXBuildFile; fileRef = C72A3F301D0F9544002FC3F5 /* MainViewController.m */; };
		C72A3F461D0F981B002FC3F5 /* ShowTimeViewController.m in Sources */ = {isa = PBXBuildFile; fileRef = C72A3F451D0F981B002FC3F5 /* ShowTimeViewController.m */; };
		C72A3F491D0F9A6F002FC3F5 /* ALinNavigationController.m in Sources */ = {isa = PBXBuildFile; fileRef = C72A3F481D0F9A6F002FC3F5 /* ALinNavigationController.m */; };
		C73F71FC1D12422500F28090 /* UIImage+ALinExtension.m in Sources */ = {isa = PBXBuildFile; fileRef = C73F71FB1D12422500F28090 /* UIImage+ALinExtension.m */; };
		C73F72001D12488900F28090 /* ALinBottomToolView.m in Sources */ = {isa = PBXBuildFile; fileRef = C73F71FF1D12488900F28090 /* ALinBottomToolView.m */; };
		C73F72051D12564800F28090 /* ALinLiveAnchorView.m in Sources */ = {isa = PBXBuildFile; fileRef = C73F72041D12564800F28090 /* ALinLiveAnchorView.m */; };
		C73F72071D12573100F28090 /* ALinLiveAnchorView.xib in Resources */ = {isa = PBXBuildFile; fileRef = C73F72061D12573100F28090 /* ALinLiveAnchorView.xib */; };
		C73F724B1D12AAFD00F28090 /* user.plist in Resources */ = {isa = PBXBuildFile; fileRef = C73F724A1D12AAFD00F28090 /* user.plist */; };
		C75783071D0FA61300CD856B /* ALinConstant.m in Sources */ = {isa = PBXBuildFile; fileRef = C75783061D0FA61300CD856B /* ALinConstant.m */; };
		C757830B1D0FA8AB00CD856B /* UIDevice+SLExtension.m in Sources */ = {isa = PBXBuildFile; fileRef = C757830A1D0FA8AB00CD856B /* UIDevice+SLExtension.m */; };
		C75783121D0FB38200CD856B /* ALinNetworkTool.m in Sources */ = {isa = PBXBuildFile; fileRef = C75783111D0FB38200CD856B /* ALinNetworkTool.m */; };
		C75783281D0FE27800CD856B /* HomeViewController.m in Sources */ = {isa = PBXBuildFile; fileRef = C757831F1D0FE27800CD856B /* HomeViewController.m */; };
		C75783291D0FE27800CD856B /* ALinLive.m in Sources */ = {isa = PBXBuildFile; fileRef = C75783221D0FE27800CD856B /* ALinLive.m */; };
		C757832A1D0FE27800CD856B /* ALinUser.m in Sources */ = {isa = PBXBuildFile; fileRef = C75783241D0FE27800CD856B /* ALinUser.m */; };
		C757832B1D0FE27800CD856B /* ALinSelectedView.m in Sources */ = {isa = PBXBuildFile; fileRef = C75783271D0FE27800CD856B /* ALinSelectedView.m */; };
		C75783431D0FE2DB00CD856B /* ALinCareViewController.m in Sources */ = {isa = PBXBuildFile; fileRef = C75783421D0FE2DB00CD856B /* ALinCareViewController.m */; };
		C75783461D0FE2E900CD856B /* ALinHotViewController.m in Sources */ = {isa = PBXBuildFile; fileRef = C75783451D0FE2E900CD856B /* ALinHotViewController.m */; };
		C75783491D0FE30900CD856B /* ALinNewStarViewController.m in Sources */ = {isa = PBXBuildFile; fileRef = C75783481D0FE30900CD856B /* ALinNewStarViewController.m */; };
		C757834D1D0FE71D00CD856B /* ALinAnchorViewCell.m in Sources */ = {isa = PBXBuildFile; fileRef = C757834B1D0FE71D00CD856B /* ALinAnchorViewCell.m */; };
		C757834E1D0FE71D00CD856B /* ALinAnchorViewCell.xib in Resources */ = {isa = PBXBuildFile; fileRef = C757834C1D0FE71D00CD856B /* ALinAnchorViewCell.xib */; };
		C75783511D0FEAE300CD856B /* ALinHomeFlowLayout.m in Sources */ = {isa = PBXBuildFile; fileRef = C75783501D0FEAE300CD856B /* ALinHomeFlowLayout.m */; };
		C75783551D0FF45200CD856B /* ALinRefreshGifHeader.m in Sources */ = {isa = PBXBuildFile; fileRef = C75783541D0FF45200CD856B /* ALinRefreshGifHeader.m */; };
		C75783591D0FF77900CD856B /* SLTopWindow.m in Sources */ = {isa = PBXBuildFile; fileRef = C75783581D0FF77900CD856B /* SLTopWindow.m */; };
		C757835B1D0FFCE500CD856B /* ALinCareViewController.storyboard in Resources */ = {isa = PBXBuildFile; fileRef = C757835A1D0FFCE500CD856B /* ALinCareViewController.storyboard */; };
		C75783621D1008B500CD856B /* UIViewController+SLExtension.m in Sources */ = {isa = PBXBuildFile; fileRef = C75783611D1008B500CD856B /* UIViewController+SLExtension.m */; };
		C769A8AC1D29FCD6001EFB5C /* ProfileController.m in Sources */ = {isa = PBXBuildFile; fileRef = C769A8AB1D29FCD6001EFB5C /* ProfileController.m */; };
		C769A8AE1D2A029C001EFB5C /* ShowTimeViewController.storyboard in Resources */ = {isa = PBXBuildFile; fileRef = C769A8AD1D2A029C001EFB5C /* ShowTimeViewController.storyboard */; };
		C769A8B21D2A09FC001EFB5C /* ALinGPUBeautifyFilter.m in Sources */ = {isa = PBXBuildFile; fileRef = C769A8B11D2A09FC001EFB5C /* ALinGPUBeautifyFilter.m */; };
		C78DB1201D13AC900060D941 /* ALinCatEarView.m in Sources */ = {isa = PBXBuildFile; fileRef = C78DB11F1D13AC900060D941 /* ALinCatEarView.m */; };
		C78DB1221D13ACF60060D941 /* ALinCatEarView.xib in Resources */ = {isa = PBXBuildFile; fileRef = C78DB1211D13ACF60060D941 /* ALinCatEarView.xib */; };
		C7940FA11D1154F90095415A /* Reachability.m in Sources */ = {isa = PBXBuildFile; fileRef = C7940FA01D1154F90095415A /* Reachability.m */; };
		C7FD57731D2BA8DA0005BA11 /* NSSafeObject.m in Sources */ = {isa = PBXBuildFile; fileRef = C7FD57721D2BA8DA0005BA11 /* NSSafeObject.m */; };
		C7FD57751D2BAA3F0005BA11 /* danmu.plist in Resources */ = {isa = PBXBuildFile; fileRef = C7FD57741D2BAA3F0005BA11 /* danmu.plist */; };
/* End PBXBuildFile section */

/* Begin PBXContainerItemProxy section */
		BBE540C71D0F261900BF723E /* PBXContainerItemProxy */ = {
			isa = PBXContainerItemProxy;
			containerPortal = BBE540A51D0F261900BF723E /* Project object */;
			proxyType = 1;
			remoteGlobalIDString = BBE540AC1D0F261900BF723E;
			remoteInfo = MiaowShow;
		};
		BBE540D21D0F261900BF723E /* PBXContainerItemProxy */ = {
			isa = PBXContainerItemProxy;
			containerPortal = BBE540A51D0F261900BF723E /* Project object */;
			proxyType = 1;
			remoteGlobalIDString = BBE540AC1D0F261900BF723E;
			remoteInfo = MiaowShow;
		};
/* End PBXContainerItemProxy section */

/* Begin PBXFileReference section */
		343A1FB4B109EE1106C1EA18 /* Pods-MiaowShow.release.xcconfig */ = {isa = PBXFileReference; includeInIndex = 1; lastKnownFileType = text.xcconfig; name = "Pods-MiaowShow.release.xcconfig"; path = "Pods/Target Support Files/Pods-MiaowShow/Pods-MiaowShow.release.xcconfig"; sourceTree = "<group>"; };
		6372155D4C47F383711AE057 /* libPods-MiaowShow.a */ = {isa = PBXFileReference; explicitFileType = archive.ar; includeInIndex = 0; path = "libPods-MiaowShow.a"; sourceTree = BUILT_PRODUCTS_DIR; };
		BB219BC41D22D06200AF44C1 /* ALinUserView.h */ = {isa = PBXFileReference; fileEncoding = 4; lastKnownFileType = sourcecode.c.h; path = ALinUserView.h; sourceTree = "<group>"; };
		BB219BC51D22D06200AF44C1 /* ALinUserView.m */ = {isa = PBXFileReference; fileEncoding = 4; lastKnownFileType = sourcecode.c.objc; path = ALinUserView.m; sourceTree = "<group>"; };
		BB219BC71D22D06C00AF44C1 /* ALinUserView.xib */ = {isa = PBXFileReference; fileEncoding = 4; lastKnownFileType = file.xib; path = ALinUserView.xib; sourceTree = "<group>"; };
		BB219BC91D22E4C500AF44C1 /* NSObject+ALinHUD.h */ = {isa = PBXFileReference; fileEncoding = 4; lastKnownFileType = sourcecode.c.h; path = "NSObject+ALinHUD.h"; sourceTree = "<group>"; };
		BB219BCA1D22E4C500AF44C1 /* NSObject+ALinHUD.m */ = {isa = PBXFileReference; fileEncoding = 4; lastKnownFileType = sourcecode.c.objc; path = "NSObject+ALinHUD.m"; sourceTree = "<group>"; };
		BB5956C91D300A7A004C125B /* IJKMediaFramework.framework */ = {isa = PBXFileReference; lastKnownFileType = wrapper.framework; path = IJKMediaFramework.framework; sourceTree = "<group>"; };
		BB7207731D1BDBDD007930D4 /* ALinLiveCollectionViewController.h */ = {isa = PBXFileReference; fileEncoding = 4; lastKnownFileType = sourcecode.c.h; path = ALinLiveCollectionViewController.h; sourceTree = "<group>"; };
		BB7207741D1BDBDD007930D4 /* ALinLiveCollectionViewController.m */ = {isa = PBXFileReference; fileEncoding = 4; lastKnownFileType = sourcecode.c.objc; path = ALinLiveCollectionViewController.m; sourceTree = "<group>"; };
		BB7207761D1BE2C2007930D4 /* ALinLiveViewCell.h */ = {isa = PBXFileReference; fileEncoding = 4; lastKnownFileType = sourcecode.c.h; path = ALinLiveViewCell.h; sourceTree = "<group>"; };
		BB7207771D1BE2C2007930D4 /* ALinLiveViewCell.m */ = {isa = PBXFileReference; fileEncoding = 4; lastKnownFileType = sourcecode.c.objc; path = ALinLiveViewCell.m; sourceTree = "<group>"; };
		BB7207791D1BE542007930D4 /* ALinLiveFlowLayout.h */ = {isa = PBXFileReference; fileEncoding = 4; lastKnownFileType = sourcecode.c.h; path = ALinLiveFlowLayout.h; sourceTree = "<group>"; };
		BB72077A1D1BE542007930D4 /* ALinLiveFlowLayout.m */ = {isa = PBXFileReference; fileEncoding = 4; lastKnownFileType = sourcecode.c.objc; path = ALinLiveFlowLayout.m; sourceTree = "<group>"; };
		BB87BC3E1D25A3D4000B084D /* ALinLiveEndView.h */ = {isa = PBXFileReference; fileEncoding = 4; lastKnownFileType = sourcecode.c.h; path = ALinLiveEndView.h; sourceTree = "<group>"; };
		BB87BC3F1D25A3D4000B084D /* ALinLiveEndView.m */ = {isa = PBXFileReference; fileEncoding = 4; lastKnownFileType = sourcecode.c.objc; path = ALinLiveEndView.m; sourceTree = "<group>"; };
		BB87BC411D25A3E8000B084D /* ALinLiveEndView.xib */ = {isa = PBXFileReference; fileEncoding = 4; lastKnownFileType = file.xib; path = ALinLiveEndView.xib; sourceTree = "<group>"; };
		BB9F77341D116A85007BB373 /* ALinHotLiveCell.h */ = {isa = PBXFileReference; fileEncoding = 4; lastKnownFileType = sourcecode.c.h; path = ALinHotLiveCell.h; sourceTree = "<group>"; };
		BB9F77351D116A85007BB373 /* ALinHotLiveCell.m */ = {isa = PBXFileReference; fileEncoding = 4; lastKnownFileType = sourcecode.c.objc; path = ALinHotLiveCell.m; sourceTree = "<group>"; };
		BB9F77361D116A85007BB373 /* ALinHotLiveCell.xib */ = {isa = PBXFileReference; fileEncoding = 4; lastKnownFileType = file.xib; path = ALinHotLiveCell.xib; sourceTree = "<group>"; };
		BBBCA9921D119FB3009ADFCC /* ALinHomeADCell.h */ = {isa = PBXFileReference; fileEncoding = 4; lastKnownFileType = sourcecode.c.h; path = ALinHomeADCell.h; sourceTree = "<group>"; };
		BBBCA9931D119FB3009ADFCC /* ALinHomeADCell.m */ = {isa = PBXFileReference; fileEncoding = 4; lastKnownFileType = sourcecode.c.objc; path = ALinHomeADCell.m; sourceTree = "<group>"; };
		BBBCA9961D11A186009ADFCC /* ALinTopAD.h */ = {isa = PBXFileReference; fileEncoding = 4; lastKnownFileType = sourcecode.c.h; path = ALinTopAD.h; sourceTree = "<group>"; };
		BBBCA9971D11A186009ADFCC /* ALinTopAD.m */ = {isa = PBXFileReference; fileEncoding = 4; lastKnownFileType = sourcecode.c.objc; path = ALinTopAD.m; sourceTree = "<group>"; };
		BBBCA99A1D11A992009ADFCC /* XRCarouselView.h */ = {isa = PBXFileReference; fileEncoding = 4; lastKnownFileType = sourcecode.c.h; path = XRCarouselView.h; sourceTree = "<group>"; };
		BBBCA99B1D11A992009ADFCC /* XRCarouselView.m */ = {isa = PBXFileReference; fileEncoding = 4; lastKnownFileType = sourcecode.c.objc; path = XRCarouselView.m; sourceTree = "<group>"; };
		BBBCA9A31D11B486009ADFCC /* ALinWebViewController.h */ = {isa = PBXFileReference; fileEncoding = 4; lastKnownFileType = sourcecode.c.h; path = ALinWebViewController.h; sourceTree = "<group>"; };
		BBBCA9A41D11B486009ADFCC /* ALinWebViewController.m */ = {isa = PBXFileReference; fileEncoding = 4; lastKnownFileType = sourcecode.c.objc; path = ALinWebViewController.m; sourceTree = "<group>"; };
		BBDA0D801D2AB3EB00B49588 /* ALinH264Encoder.h */ = {isa = PBXFileReference; fileEncoding = 4; lastKnownFileType = sourcecode.c.h; path = ALinH264Encoder.h; sourceTree = "<group>"; };
		BBDA0D811D2AB3EB00B49588 /* ALinH264Encoder.m */ = {isa = PBXFileReference; fileEncoding = 4; lastKnownFileType = sourcecode.c.objc; path = ALinH264Encoder.m; sourceTree = "<group>"; };
		BBE540AD1D0F261900BF723E /* MiaowShow.app */ = {isa = PBXFileReference; explicitFileType = wrapper.application; includeInIndex = 0; path = MiaowShow.app; sourceTree = BUILT_PRODUCTS_DIR; };
		BBE540B11D0F261900BF723E /* main.m */ = {isa = PBXFileReference; lastKnownFileType = sourcecode.c.objc; path = main.m; sourceTree = "<group>"; };
		BBE540B31D0F261900BF723E /* AppDelegate.h */ = {isa = PBXFileReference; lastKnownFileType = sourcecode.c.h; path = AppDelegate.h; sourceTree = "<group>"; };
		BBE540B41D0F261900BF723E /* AppDelegate.m */ = {isa = PBXFileReference; lastKnownFileType = sourcecode.c.objc; path = AppDelegate.m; sourceTree = "<group>"; };
		BBE540BC1D0F261900BF723E /* Assets.xcassets */ = {isa = PBXFileReference; lastKnownFileType = folder.assetcatalog; path = Assets.xcassets; sourceTree = "<group>"; };
		BBE540BF1D0F261900BF723E /* Base */ = {isa = PBXFileReference; lastKnownFileType = file.storyboard; name = Base; path = Base.lproj/LaunchScreen.storyboard; sourceTree = "<group>"; };
		BBE540C11D0F261900BF723E /* Info.plist */ = {isa = PBXFileReference; lastKnownFileType = text.plist.xml; path = Info.plist; sourceTree = "<group>"; };
		BBE540C61D0F261900BF723E /* MiaowShowTests.xctest */ = {isa = PBXFileReference; explicitFileType = wrapper.cfbundle; includeInIndex = 0; path = MiaowShowTests.xctest; sourceTree = BUILT_PRODUCTS_DIR; };
		BBE540CA1D0F261900BF723E /* MiaowShowTests.m */ = {isa = PBXFileReference; lastKnownFileType = sourcecode.c.objc; path = MiaowShowTests.m; sourceTree = "<group>"; };
		BBE540CC1D0F261900BF723E /* Info.plist */ = {isa = PBXFileReference; lastKnownFileType = text.plist.xml; path = Info.plist; sourceTree = "<group>"; };
		BBE540D11D0F261900BF723E /* MiaowShowUITests.xctest */ = {isa = PBXFileReference; explicitFileType = wrapper.cfbundle; includeInIndex = 0; path = MiaowShowUITests.xctest; sourceTree = BUILT_PRODUCTS_DIR; };
		BBE540D51D0F261900BF723E /* MiaowShowUITests.m */ = {isa = PBXFileReference; lastKnownFileType = sourcecode.c.objc; path = MiaowShowUITests.m; sourceTree = "<group>"; };
		BBE540D71D0F261900BF723E /* Info.plist */ = {isa = PBXFileReference; lastKnownFileType = text.plist.xml; path = Info.plist; sourceTree = "<group>"; };
		BBE540E61D0F26F300BF723E /* LoginViewController.h */ = {isa = PBXFileReference; fileEncoding = 4; lastKnownFileType = sourcecode.c.h; path = LoginViewController.h; sourceTree = "<group>"; };
		BBE540E71D0F26F300BF723E /* LoginViewController.m */ = {isa = PBXFileReference; fileEncoding = 4; lastKnownFileType = sourcecode.c.objc; path = LoginViewController.m; sourceTree = "<group>"; };
		BBE540E91D0F26F300BF723E /* ThirdLoginView.h */ = {isa = PBXFileReference; fileEncoding = 4; lastKnownFileType = sourcecode.c.h; path = ThirdLoginView.h; sourceTree = "<group>"; };
		BBE540EA1D0F26F300BF723E /* ThirdLoginView.m */ = {isa = PBXFileReference; fileEncoding = 4; lastKnownFileType = sourcecode.c.objc; path = ThirdLoginView.m; sourceTree = "<group>"; };
		BBE540EC1D0F26F300BF723E /* login_video.mp4 */ = {isa = PBXFileReference; lastKnownFileType = file; path = login_video.mp4; sourceTree = "<group>"; };
		BBE540ED1D0F26F300BF723E /* loginmovie.mp4 */ = {isa = PBXFileReference; lastKnownFileType = file; path = loginmovie.mp4; sourceTree = "<group>"; };
		BBE540F51D0F274400BF723E /* libz.tbd */ = {isa = PBXFileReference; lastKnownFileType = "sourcecode.text-based-dylib-definition"; name = libz.tbd; path = usr/lib/libz.tbd; sourceTree = SDKROOT; };
		C70620BC1D12381A00DA3B9B /* UIImageView+Extension.h */ = {isa = PBXFileReference; fileEncoding = 4; lastKnownFileType = sourcecode.c.h; path = "UIImageView+Extension.h"; sourceTree = "<group>"; };
		C70620BD1D12381A00DA3B9B /* UIImageView+Extension.m */ = {isa = PBXFileReference; fileEncoding = 4; lastKnownFileType = sourcecode.c.objc; path = "UIImageView+Extension.m"; sourceTree = "<group>"; };
		C72A3F241D0F90F5002FC3F5 /* PrefixHeader.pch */ = {isa = PBXFileReference; lastKnownFileType = sourcecode.c.h; path = PrefixHeader.pch; sourceTree = "<group>"; };
		C72A3F271D0F939D002FC3F5 /* UIViewController+SLHUD.h */ = {isa = PBXFileReference; fileEncoding = 4; lastKnownFileType = sourcecode.c.h; path = "UIViewController+SLHUD.h"; sourceTree = "<group>"; };
		C72A3F281D0F939D002FC3F5 /* UIViewController+SLHUD.m */ = {isa = PBXFileReference; fileEncoding = 4; lastKnownFileType = sourcecode.c.objc; path = "UIViewController+SLHUD.m"; sourceTree = "<group>"; };
		C72A3F2B1D0F93CE002FC3F5 /* UIView+SLExtension.h */ = {isa = PBXFileReference; fileEncoding = 4; lastKnownFileType = sourcecode.c.h; path = "UIView+SLExtension.h"; sourceTree = "<group>"; };
		C72A3F2C1D0F93CE002FC3F5 /* UIView+SLExtension.m */ = {isa = PBXFileReference; fileEncoding = 4; lastKnownFileType = sourcecode.c.objc; path = "UIView+SLExtension.m"; sourceTree = "<group>"; };
		C72A3F2F1D0F9544002FC3F5 /* MainViewController.h */ = {isa = PBXFileReference; fileEncoding = 4; lastKnownFileType = sourcecode.c.h; path = MainViewController.h; sourceTree = "<group>"; };
		C72A3F301D0F9544002FC3F5 /* MainViewController.m */ = {isa = PBXFileReference; fileEncoding = 4; lastKnownFileType = sourcecode.c.objc; path = MainViewController.m; sourceTree = "<group>"; };
		C72A3F441D0F981B002FC3F5 /* ShowTimeViewController.h */ = {isa = PBXFileReference; fileEncoding = 4; lastKnownFileType = sourcecode.c.h; path = ShowTimeViewController.h; sourceTree = "<group>"; };
		C72A3F451D0F981B002FC3F5 /* ShowTimeViewController.m */ = {isa = PBXFileReference; fileEncoding = 4; lastKnownFileType = sourcecode.c.objc; path = ShowTimeViewController.m; sourceTree = "<group>"; };
		C72A3F471D0F9A6F002FC3F5 /* ALinNavigationController.h */ = {isa = PBXFileReference; fileEncoding = 4; lastKnownFileType = sourcecode.c.h; path = ALinNavigationController.h; sourceTree = "<group>"; };
		C72A3F481D0F9A6F002FC3F5 /* ALinNavigationController.m */ = {isa = PBXFileReference; fileEncoding = 4; lastKnownFileType = sourcecode.c.objc; path = ALinNavigationController.m; sourceTree = "<group>"; };
		C73F71FA1D12422500F28090 /* UIImage+ALinExtension.h */ = {isa = PBXFileReference; fileEncoding = 4; lastKnownFileType = sourcecode.c.h; path = "UIImage+ALinExtension.h"; sourceTree = "<group>"; };
		C73F71FB1D12422500F28090 /* UIImage+ALinExtension.m */ = {isa = PBXFileReference; fileEncoding = 4; lastKnownFileType = sourcecode.c.objc; path = "UIImage+ALinExtension.m"; sourceTree = "<group>"; };
		C73F71FE1D12488900F28090 /* ALinBottomToolView.h */ = {isa = PBXFileReference; fileEncoding = 4; lastKnownFileType = sourcecode.c.h; path = ALinBottomToolView.h; sourceTree = "<group>"; };
		C73F71FF1D12488900F28090 /* ALinBottomToolView.m */ = {isa = PBXFileReference; fileEncoding = 4; lastKnownFileType = sourcecode.c.objc; path = ALinBottomToolView.m; sourceTree = "<group>"; };
		C73F72031D12564800F28090 /* ALinLiveAnchorView.h */ = {isa = PBXFileReference; fileEncoding = 4; lastKnownFileType = sourcecode.c.h; path = ALinLiveAnchorView.h; sourceTree = "<group>"; };
		C73F72041D12564800F28090 /* ALinLiveAnchorView.m */ = {isa = PBXFileReference; fileEncoding = 4; lastKnownFileType = sourcecode.c.objc; path = ALinLiveAnchorView.m; sourceTree = "<group>"; };
		C73F72061D12573100F28090 /* ALinLiveAnchorView.xib */ = {isa = PBXFileReference; fileEncoding = 4; lastKnownFileType = file.xib; path = ALinLiveAnchorView.xib; sourceTree = "<group>"; };
		C73F724A1D12AAFD00F28090 /* user.plist */ = {isa = PBXFileReference; fileEncoding = 4; lastKnownFileType = text.plist.xml; path = user.plist; sourceTree = "<group>"; };
		C75783051D0FA61300CD856B /* ALinConstant.h */ = {isa = PBXFileReference; fileEncoding = 4; lastKnownFileType = sourcecode.c.h; path = ALinConstant.h; sourceTree = "<group>"; };
		C75783061D0FA61300CD856B /* ALinConstant.m */ = {isa = PBXFileReference; fileEncoding = 4; lastKnownFileType = sourcecode.c.objc; path = ALinConstant.m; sourceTree = "<group>"; };
		C75783091D0FA8AB00CD856B /* UIDevice+SLExtension.h */ = {isa = PBXFileReference; fileEncoding = 4; lastKnownFileType = sourcecode.c.h; path = "UIDevice+SLExtension.h"; sourceTree = "<group>"; };
		C757830A1D0FA8AB00CD856B /* UIDevice+SLExtension.m */ = {isa = PBXFileReference; fileEncoding = 4; lastKnownFileType = sourcecode.c.objc; path = "UIDevice+SLExtension.m"; sourceTree = "<group>"; };
		C75783101D0FB38200CD856B /* ALinNetworkTool.h */ = {isa = PBXFileReference; fileEncoding = 4; lastKnownFileType = sourcecode.c.h; path = ALinNetworkTool.h; sourceTree = "<group>"; };
		C75783111D0FB38200CD856B /* ALinNetworkTool.m */ = {isa = PBXFileReference; fileEncoding = 4; lastKnownFileType = sourcecode.c.objc; path = ALinNetworkTool.m; sourceTree = "<group>"; };
		C757831E1D0FE27800CD856B /* HomeViewController.h */ = {isa = PBXFileReference; fileEncoding = 4; lastKnownFileType = sourcecode.c.h; path = HomeViewController.h; sourceTree = "<group>"; };
		C757831F1D0FE27800CD856B /* HomeViewController.m */ = {isa = PBXFileReference; fileEncoding = 4; lastKnownFileType = sourcecode.c.objc; path = HomeViewController.m; sourceTree = "<group>"; };
		C75783211D0FE27800CD856B /* ALinLive.h */ = {isa = PBXFileReference; fileEncoding = 4; lastKnownFileType = sourcecode.c.h; path = ALinLive.h; sourceTree = "<group>"; };
		C75783221D0FE27800CD856B /* ALinLive.m */ = {isa = PBXFileReference; fileEncoding = 4; lastKnownFileType = sourcecode.c.objc; path = ALinLive.m; sourceTree = "<group>"; };
		C75783231D0FE27800CD856B /* ALinUser.h */ = {isa = PBXFileReference; fileEncoding = 4; lastKnownFileType = sourcecode.c.h; path = ALinUser.h; sourceTree = "<group>"; };
		C75783241D0FE27800CD856B /* ALinUser.m */ = {isa = PBXFileReference; fileEncoding = 4; lastKnownFileType = sourcecode.c.objc; path = ALinUser.m; sourceTree = "<group>"; };
		C75783261D0FE27800CD856B /* ALinSelectedView.h */ = {isa = PBXFileReference; fileEncoding = 4; lastKnownFileType = sourcecode.c.h; path = ALinSelectedView.h; sourceTree = "<group>"; };
		C75783271D0FE27800CD856B /* ALinSelectedView.m */ = {isa = PBXFileReference; fileEncoding = 4; lastKnownFileType = sourcecode.c.objc; path = ALinSelectedView.m; sourceTree = "<group>"; };
		C75783411D0FE2DB00CD856B /* ALinCareViewController.h */ = {isa = PBXFileReference; fileEncoding = 4; lastKnownFileType = sourcecode.c.h; path = ALinCareViewController.h; sourceTree = "<group>"; };
		C75783421D0FE2DB00CD856B /* ALinCareViewController.m */ = {isa = PBXFileReference; fileEncoding = 4; lastKnownFileType = sourcecode.c.objc; path = ALinCareViewController.m; sourceTree = "<group>"; };
		C75783441D0FE2E900CD856B /* ALinHotViewController.h */ = {isa = PBXFileReference; fileEncoding = 4; lastKnownFileType = sourcecode.c.h; path = ALinHotViewController.h; sourceTree = "<group>"; };
		C75783451D0FE2E900CD856B /* ALinHotViewController.m */ = {isa = PBXFileReference; fileEncoding = 4; lastKnownFileType = sourcecode.c.objc; path = ALinHotViewController.m; sourceTree = "<group>"; };
		C75783471D0FE30900CD856B /* ALinNewStarViewController.h */ = {isa = PBXFileReference; fileEncoding = 4; lastKnownFileType = sourcecode.c.h; path = ALinNewStarViewController.h; sourceTree = "<group>"; };
		C75783481D0FE30900CD856B /* ALinNewStarViewController.m */ = {isa = PBXFileReference; fileEncoding = 4; lastKnownFileType = sourcecode.c.objc; path = ALinNewStarViewController.m; sourceTree = "<group>"; };
		C757834A1D0FE71D00CD856B /* ALinAnchorViewCell.h */ = {isa = PBXFileReference; fileEncoding = 4; lastKnownFileType = sourcecode.c.h; path = ALinAnchorViewCell.h; sourceTree = "<group>"; };
		C757834B1D0FE71D00CD856B /* ALinAnchorViewCell.m */ = {isa = PBXFileReference; fileEncoding = 4; lastKnownFileType = sourcecode.c.objc; path = ALinAnchorViewCell.m; sourceTree = "<group>"; };
		C757834C1D0FE71D00CD856B /* ALinAnchorViewCell.xib */ = {isa = PBXFileReference; fileEncoding = 4; lastKnownFileType = file.xib; path = ALinAnchorViewCell.xib; sourceTree = "<group>"; };
		C757834F1D0FEAE300CD856B /* ALinHomeFlowLayout.h */ = {isa = PBXFileReference; fileEncoding = 4; lastKnownFileType = sourcecode.c.h; path = ALinHomeFlowLayout.h; sourceTree = "<group>"; };
		C75783501D0FEAE300CD856B /* ALinHomeFlowLayout.m */ = {isa = PBXFileReference; fileEncoding = 4; lastKnownFileType = sourcecode.c.objc; path = ALinHomeFlowLayout.m; sourceTree = "<group>"; };
		C75783531D0FF45200CD856B /* ALinRefreshGifHeader.h */ = {isa = PBXFileReference; fileEncoding = 4; lastKnownFileType = sourcecode.c.h; path = ALinRefreshGifHeader.h; sourceTree = "<group>"; };
		C75783541D0FF45200CD856B /* ALinRefreshGifHeader.m */ = {isa = PBXFileReference; fileEncoding = 4; lastKnownFileType = sourcecode.c.objc; path = ALinRefreshGifHeader.m; sourceTree = "<group>"; };
		C75783571D0FF77900CD856B /* SLTopWindow.h */ = {isa = PBXFileReference; fileEncoding = 4; lastKnownFileType = sourcecode.c.h; path = SLTopWindow.h; sourceTree = "<group>"; };
		C75783581D0FF77900CD856B /* SLTopWindow.m */ = {isa = PBXFileReference; fileEncoding = 4; lastKnownFileType = sourcecode.c.objc; path = SLTopWindow.m; sourceTree = "<group>"; };
		C757835A1D0FFCE500CD856B /* ALinCareViewController.storyboard */ = {isa = PBXFileReference; fileEncoding = 4; lastKnownFileType = file.storyboard; path = ALinCareViewController.storyboard; sourceTree = "<group>"; };
		C75783601D1008B500CD856B /* UIViewController+SLExtension.h */ = {isa = PBXFileReference; fileEncoding = 4; lastKnownFileType = sourcecode.c.h; path = "UIViewController+SLExtension.h"; sourceTree = "<group>"; };
		C75783611D1008B500CD856B /* UIViewController+SLExtension.m */ = {isa = PBXFileReference; fileEncoding = 4; lastKnownFileType = sourcecode.c.objc; path = "UIViewController+SLExtension.m"; sourceTree = "<group>"; };
		C769A8AA1D29FCD6001EFB5C /* ProfileController.h */ = {isa = PBXFileReference; fileEncoding = 4; lastKnownFileType = sourcecode.c.h; path = ProfileController.h; sourceTree = "<group>"; };
		C769A8AB1D29FCD6001EFB5C /* ProfileController.m */ = {isa = PBXFileReference; fileEncoding = 4; lastKnownFileType = sourcecode.c.objc; path = ProfileController.m; sourceTree = "<group>"; };
		C769A8AD1D2A029C001EFB5C /* ShowTimeViewController.storyboard */ = {isa = PBXFileReference; fileEncoding = 4; lastKnownFileType = file.storyboard; path = ShowTimeViewController.storyboard; sourceTree = "<group>"; };
		C769A8B01D2A09FC001EFB5C /* ALinGPUBeautifyFilter.h */ = {isa = PBXFileReference; fileEncoding = 4; lastKnownFileType = sourcecode.c.h; path = ALinGPUBeautifyFilter.h; sourceTree = "<group>"; };
		C769A8B11D2A09FC001EFB5C /* ALinGPUBeautifyFilter.m */ = {isa = PBXFileReference; fileEncoding = 4; lastKnownFileType = sourcecode.c.objc; path = ALinGPUBeautifyFilter.m; sourceTree = "<group>"; };
		C78DB11E1D13AC900060D941 /* ALinCatEarView.h */ = {isa = PBXFileReference; fileEncoding = 4; lastKnownFileType = sourcecode.c.h; path = ALinCatEarView.h; sourceTree = "<group>"; };
		C78DB11F1D13AC900060D941 /* ALinCatEarView.m */ = {isa = PBXFileReference; fileEncoding = 4; lastKnownFileType = sourcecode.c.objc; path = ALinCatEarView.m; sourceTree = "<group>"; };
		C78DB1211D13ACF60060D941 /* ALinCatEarView.xib */ = {isa = PBXFileReference; fileEncoding = 4; lastKnownFileType = file.xib; path = ALinCatEarView.xib; sourceTree = "<group>"; };
		C7940F9F1D1154F90095415A /* Reachability.h */ = {isa = PBXFileReference; fileEncoding = 4; lastKnownFileType = sourcecode.c.h; path = Reachability.h; sourceTree = "<group>"; };
		C7940FA01D1154F90095415A /* Reachability.m */ = {isa = PBXFileReference; fileEncoding = 4; lastKnownFileType = sourcecode.c.objc; path = Reachability.m; sourceTree = "<group>"; };
		C7FD57711D2BA8DA0005BA11 /* NSSafeObject.h */ = {isa = PBXFileReference; fileEncoding = 4; lastKnownFileType = sourcecode.c.h; path = NSSafeObject.h; sourceTree = "<group>"; };
		C7FD57721D2BA8DA0005BA11 /* NSSafeObject.m */ = {isa = PBXFileReference; fileEncoding = 4; lastKnownFileType = sourcecode.c.objc; path = NSSafeObject.m; sourceTree = "<group>"; };
		C7FD57741D2BAA3F0005BA11 /* danmu.plist */ = {isa = PBXFileReference; fileEncoding = 4; lastKnownFileType = text.plist.xml; path = danmu.plist; sourceTree = "<group>"; };
		CCCED8D8316CB6B54734EF98 /* Pods-MiaowShow.debug.xcconfig */ = {isa = PBXFileReference; includeInIndex = 1; lastKnownFileType = text.xcconfig; name = "Pods-MiaowShow.debug.xcconfig"; path = "Pods/Target Support Files/Pods-MiaowShow/Pods-MiaowShow.debug.xcconfig"; sourceTree = "<group>"; };
/* End PBXFileReference section */

/* Begin PBXFrameworksBuildPhase section */
		BBE540AA1D0F261900BF723E /* Frameworks */ = {
			isa = PBXFrameworksBuildPhase;
			buildActionMask = 2147483647;
			files = (
				BB5956CA1D300A7A004C125B /* IJKMediaFramework.framework in Frameworks */,
				BBE540F61D0F274400BF723E /* libz.tbd in Frameworks */,
				70D249A48322E2E32E1F0507 /* libPods-MiaowShow.a in Frameworks */,
			);
			runOnlyForDeploymentPostprocessing = 0;
		};
		BBE540C31D0F261900BF723E /* Frameworks */ = {
			isa = PBXFrameworksBuildPhase;
			buildActionMask = 2147483647;
			files = (
			);
			runOnlyForDeploymentPostprocessing = 0;
		};
		BBE540CE1D0F261900BF723E /* Frameworks */ = {
			isa = PBXFrameworksBuildPhase;
			buildActionMask = 2147483647;
			files = (
			);
			runOnlyForDeploymentPostprocessing = 0;
		};
/* End PBXFrameworksBuildPhase section */

/* Begin PBXGroup section */
		1C327328B0D5709B22F1531C /* Pods */ = {
			isa = PBXGroup;
			children = (
				CCCED8D8316CB6B54734EF98 /* Pods-MiaowShow.debug.xcconfig */,
				343A1FB4B109EE1106C1EA18 /* Pods-MiaowShow.release.xcconfig */,
			);
			name = Pods;
			sourceTree = "<group>";
		};
		59A405A1DD4986493BCBCE51 /* Frameworks */ = {
			isa = PBXGroup;
			children = (
				BBE540F51D0F274400BF723E /* libz.tbd */,
				6372155D4C47F383711AE057 /* libPods-MiaowShow.a */,
			);
			name = Frameworks;
			sourceTree = "<group>";
		};
		BB5956C81D300A7A004C125B /* Frameworks */ = {
			isa = PBXGroup;
			children = (
				BB5956C91D300A7A004C125B /* IJKMediaFramework.framework */,
			);
			path = Frameworks;
			sourceTree = "<group>";
		};
		BB9F77331D116A62007BB373 /* View */ = {
			isa = PBXGroup;
			children = (
				BBBCA9991D11A992009ADFCC /* XRCarouselView */,
				BB9F77341D116A85007BB373 /* ALinHotLiveCell.h */,
				BB9F77351D116A85007BB373 /* ALinHotLiveCell.m */,
				BB9F77361D116A85007BB373 /* ALinHotLiveCell.xib */,
				BBBCA9921D119FB3009ADFCC /* ALinHomeADCell.h */,
				BBBCA9931D119FB3009ADFCC /* ALinHomeADCell.m */,
			);
			path = View;
			sourceTree = "<group>";
		};
		BBBCA9951D11A17A009ADFCC /* Model */ = {
			isa = PBXGroup;
			children = (
				BBBCA9961D11A186009ADFCC /* ALinTopAD.h */,
				BBBCA9971D11A186009ADFCC /* ALinTopAD.m */,
			);
			path = Model;
			sourceTree = "<group>";
		};
		BBBCA9991D11A992009ADFCC /* XRCarouselView */ = {
			isa = PBXGroup;
			children = (
				BBBCA99A1D11A992009ADFCC /* XRCarouselView.h */,
				BBBCA99B1D11A992009ADFCC /* XRCarouselView.m */,
			);
			path = XRCarouselView;
			sourceTree = "<group>";
		};
		BBBCA99F1D11B457009ADFCC /* Web */ = {
			isa = PBXGroup;
			children = (
				BBBCA9A31D11B486009ADFCC /* ALinWebViewController.h */,
				BBBCA9A41D11B486009ADFCC /* ALinWebViewController.m */,
			);
			path = Web;
			sourceTree = "<group>";
		};
		BBBCA9A71D11C3DF009ADFCC /* Live */ = {
			isa = PBXGroup;
			children = (
				C7FD57701D2BA8DA0005BA11 /* SafeObject */,
				C73F71FD1D12486B00F28090 /* View */,
				BBBCA9A81D11C3DF009ADFCC /* Controller */,
			);
			path = Live;
			sourceTree = "<group>";
		};
		BBBCA9A81D11C3DF009ADFCC /* Controller */ = {
			isa = PBXGroup;
			children = (
				BB7207731D1BDBDD007930D4 /* ALinLiveCollectionViewController.h */,
				BB7207741D1BDBDD007930D4 /* ALinLiveCollectionViewController.m */,
			);
			path = Controller;
			sourceTree = "<group>";
		};
		BBDA0D7F1D2AB3CF00B49588 /* H264Encoder */ = {
			isa = PBXGroup;
			children = (
				BBDA0D801D2AB3EB00B49588 /* ALinH264Encoder.h */,
				BBDA0D811D2AB3EB00B49588 /* ALinH264Encoder.m */,
			);
			path = H264Encoder;
			sourceTree = "<group>";
		};
		BBE540A41D0F261900BF723E = {
			isa = PBXGroup;
			children = (
				BBE540AF1D0F261900BF723E /* MiaowShow */,
				BBE540C91D0F261900BF723E /* MiaowShowTests */,
				BBE540D41D0F261900BF723E /* MiaowShowUITests */,
				BBE540AE1D0F261900BF723E /* Products */,
				1C327328B0D5709B22F1531C /* Pods */,
				59A405A1DD4986493BCBCE51 /* Frameworks */,
			);
			sourceTree = "<group>";
		};
		BBE540AE1D0F261900BF723E /* Products */ = {
			isa = PBXGroup;
			children = (
				BBE540AD1D0F261900BF723E /* MiaowShow.app */,
				BBE540C61D0F261900BF723E /* MiaowShowTests.xctest */,
				BBE540D11D0F261900BF723E /* MiaowShowUITests.xctest */,
			);
			name = Products;
			sourceTree = "<group>";
		};
		BBE540AF1D0F261900BF723E /* MiaowShow */ = {
			isa = PBXGroup;
			children = (
				BBE540B31D0F261900BF723E /* AppDelegate.h */,
				BBE540B41D0F261900BF723E /* AppDelegate.m */,
				BBE540E31D0F26F300BF723E /* Classes */,
				BBE540BC1D0F261900BF723E /* Assets.xcassets */,
				BBE540BE1D0F261900BF723E /* LaunchScreen.storyboard */,
				BBE540C11D0F261900BF723E /* Info.plist */,
				BBE540B01D0F261900BF723E /* Supporting Files */,
			);
			path = MiaowShow;
			sourceTree = "<group>";
		};
		BBE540B01D0F261900BF723E /* Supporting Files */ = {
			isa = PBXGroup;
			children = (
				BBE540B11D0F261900BF723E /* main.m */,
			);
			name = "Supporting Files";
			sourceTree = "<group>";
		};
		BBE540C91D0F261900BF723E /* MiaowShowTests */ = {
			isa = PBXGroup;
			children = (
				BBE540CA1D0F261900BF723E /* MiaowShowTests.m */,
				BBE540CC1D0F261900BF723E /* Info.plist */,
			);
			path = MiaowShowTests;
			sourceTree = "<group>";
		};
		BBE540D41D0F261900BF723E /* MiaowShowUITests */ = {
			isa = PBXGroup;
			children = (
				BBE540D51D0F261900BF723E /* MiaowShowUITests.m */,
				BBE540D71D0F261900BF723E /* Info.plist */,
			);
			path = MiaowShowUITests;
			sourceTree = "<group>";
		};
		BBE540E31D0F26F300BF723E /* Classes */ = {
			isa = PBXGroup;
			children = (
				BB5956C81D300A7A004C125B /* Frameworks */,
				C769A8A51D29FCB2001EFB5C /* Profile */,
				C757830C1D0FB31700CD856B /* Network */,
				C75783041D0FA60500CD856B /* Other */,
				C72A3F321D0F97E3002FC3F5 /* Home */,
				C72A3F3A1D0F97E3002FC3F5 /* ShowTime */,
				C72A3F2E1D0F9533002FC3F5 /* Main */,
				C72A3F251D0F936C002FC3F5 /* Toos */,
				BBE540E41D0F26F300BF723E /* Login */,
				BBE540EB1D0F26F300BF723E /* Resource */,
			);
			path = Classes;
			sourceTree = "<group>";
		};
		BBE540E41D0F26F300BF723E /* Login */ = {
			isa = PBXGroup;
			children = (
				BBE540E51D0F26F300BF723E /* Controller */,
				BBE540E81D0F26F300BF723E /* View */,
			);
			path = Login;
			sourceTree = "<group>";
		};
		BBE540E51D0F26F300BF723E /* Controller */ = {
			isa = PBXGroup;
			children = (
				BBE540E61D0F26F300BF723E /* LoginViewController.h */,
				BBE540E71D0F26F300BF723E /* LoginViewController.m */,
			);
			path = Controller;
			sourceTree = "<group>";
		};
		BBE540E81D0F26F300BF723E /* View */ = {
			isa = PBXGroup;
			children = (
				BBE540E91D0F26F300BF723E /* ThirdLoginView.h */,
				BBE540EA1D0F26F300BF723E /* ThirdLoginView.m */,
			);
			path = View;
			sourceTree = "<group>";
		};
		BBE540EB1D0F26F300BF723E /* Resource */ = {
			isa = PBXGroup;
			children = (
				C73F724A1D12AAFD00F28090 /* user.plist */,
				BBE540EC1D0F26F300BF723E /* login_video.mp4 */,
				BBE540ED1D0F26F300BF723E /* loginmovie.mp4 */,
				C72A3F241D0F90F5002FC3F5 /* PrefixHeader.pch */,
				C7FD57741D2BAA3F0005BA11 /* danmu.plist */,
			);
			path = Resource;
			sourceTree = "<group>";
		};
		C70620BB1D12380500DA3B9B /* UIImageView */ = {
			isa = PBXGroup;
			children = (
				C70620BC1D12381A00DA3B9B /* UIImageView+Extension.h */,
				C70620BD1D12381A00DA3B9B /* UIImageView+Extension.m */,
			);
			path = UIImageView;
			sourceTree = "<group>";
		};
		C72A3F251D0F936C002FC3F5 /* Toos */ = {
			isa = PBXGroup;
			children = (
				C73F71F91D12421600F28090 /* UIImage */,
				C70620BB1D12380500DA3B9B /* UIImageView */,
				C757835F1D1008B500CD856B /* ViewController */,
				C75783561D0FF77900CD856B /* Window */,
				C75783521D0FF40C00CD856B /* Refresh */,
				C75783081D0FA8AB00CD856B /* Device */,
				C72A3F2A1D0F93CE002FC3F5 /* View */,
				C72A3F261D0F939D002FC3F5 /* HUD */,
			);
			path = Toos;
			sourceTree = "<group>";
		};
		C72A3F261D0F939D002FC3F5 /* HUD */ = {
			isa = PBXGroup;
			children = (
				C72A3F271D0F939D002FC3F5 /* UIViewController+SLHUD.h */,
				C72A3F281D0F939D002FC3F5 /* UIViewController+SLHUD.m */,
				BB219BC91D22E4C500AF44C1 /* NSObject+ALinHUD.h */,
				BB219BCA1D22E4C500AF44C1 /* NSObject+ALinHUD.m */,
			);
			path = HUD;
			sourceTree = "<group>";
		};
		C72A3F2A1D0F93CE002FC3F5 /* View */ = {
			isa = PBXGroup;
			children = (
				C72A3F2B1D0F93CE002FC3F5 /* UIView+SLExtension.h */,
				C72A3F2C1D0F93CE002FC3F5 /* UIView+SLExtension.m */,
			);
			path = View;
			sourceTree = "<group>";
		};
		C72A3F2E1D0F9533002FC3F5 /* Main */ = {
			isa = PBXGroup;
			children = (
				C72A3F2F1D0F9544002FC3F5 /* MainViewController.h */,
				C72A3F301D0F9544002FC3F5 /* MainViewController.m */,
				C72A3F471D0F9A6F002FC3F5 /* ALinNavigationController.h */,
				C72A3F481D0F9A6F002FC3F5 /* ALinNavigationController.m */,
			);
			path = Main;
			sourceTree = "<group>";
		};
		C72A3F321D0F97E3002FC3F5 /* Home */ = {
			isa = PBXGroup;
			children = (
				BBBCA9A71D11C3DF009ADFCC /* Live */,
				BBBCA99F1D11B457009ADFCC /* Web */,
				C757831C1D0FE27800CD856B /* Home */,
				C757832C1D0FE2A000CD856B /* Care */,
				C75783321D0FE2A000CD856B /* Hot */,
				C75783381D0FE2A000CD856B /* New */,
			);
			path = Home;
			sourceTree = "<group>";
		};
		C72A3F3A1D0F97E3002FC3F5 /* ShowTime */ = {
			isa = PBXGroup;
			children = (
				BBDA0D7F1D2AB3CF00B49588 /* H264Encoder */,
				C769A8AF1D2A09D3001EFB5C /* Filter */,
				C72A3F3B1D0F97E3002FC3F5 /* Controller */,
				C72A3F3C1D0F97E3002FC3F5 /* Model */,
				C72A3F3D1D0F97E3002FC3F5 /* View */,
			);
			path = ShowTime;
			sourceTree = "<group>";
		};
		C72A3F3B1D0F97E3002FC3F5 /* Controller */ = {
			isa = PBXGroup;
			children = (
				C72A3F441D0F981B002FC3F5 /* ShowTimeViewController.h */,
				C72A3F451D0F981B002FC3F5 /* ShowTimeViewController.m */,
				C769A8AD1D2A029C001EFB5C /* ShowTimeViewController.storyboard */,
			);
			path = Controller;
			sourceTree = "<group>";
		};
		C72A3F3C1D0F97E3002FC3F5 /* Model */ = {
			isa = PBXGroup;
			children = (
			);
			path = Model;
			sourceTree = "<group>";
		};
		C72A3F3D1D0F97E3002FC3F5 /* View */ = {
			isa = PBXGroup;
			children = (
			);
			path = View;
			sourceTree = "<group>";
		};
		C73F71F91D12421600F28090 /* UIImage */ = {
			isa = PBXGroup;
			children = (
				C73F71FA1D12422500F28090 /* UIImage+ALinExtension.h */,
				C73F71FB1D12422500F28090 /* UIImage+ALinExtension.m */,
			);
			path = UIImage;
			sourceTree = "<group>";
		};
		C73F71FD1D12486B00F28090 /* View */ = {
			isa = PBXGroup;
			children = (
				C73F71FE1D12488900F28090 /* ALinBottomToolView.h */,
				C73F71FF1D12488900F28090 /* ALinBottomToolView.m */,
				C73F72031D12564800F28090 /* ALinLiveAnchorView.h */,
				C73F72041D12564800F28090 /* ALinLiveAnchorView.m */,
				C73F72061D12573100F28090 /* ALinLiveAnchorView.xib */,
				C78DB11E1D13AC900060D941 /* ALinCatEarView.h */,
				C78DB11F1D13AC900060D941 /* ALinCatEarView.m */,
				C78DB1211D13ACF60060D941 /* ALinCatEarView.xib */,
				BB7207761D1BE2C2007930D4 /* ALinLiveViewCell.h */,
				BB7207771D1BE2C2007930D4 /* ALinLiveViewCell.m */,
				BB7207791D1BE542007930D4 /* ALinLiveFlowLayout.h */,
				BB72077A1D1BE542007930D4 /* ALinLiveFlowLayout.m */,
				BB219BC41D22D06200AF44C1 /* ALinUserView.h */,
				BB219BC51D22D06200AF44C1 /* ALinUserView.m */,
				BB219BC71D22D06C00AF44C1 /* ALinUserView.xib */,
				BB87BC3E1D25A3D4000B084D /* ALinLiveEndView.h */,
				BB87BC3F1D25A3D4000B084D /* ALinLiveEndView.m */,
				BB87BC411D25A3E8000B084D /* ALinLiveEndView.xib */,
			);
			path = View;
			sourceTree = "<group>";
		};
		C75783041D0FA60500CD856B /* Other */ = {
			isa = PBXGroup;
			children = (
				C75783051D0FA61300CD856B /* ALinConstant.h */,
				C75783061D0FA61300CD856B /* ALinConstant.m */,
			);
			path = Other;
			sourceTree = "<group>";
		};
		C75783081D0FA8AB00CD856B /* Device */ = {
			isa = PBXGroup;
			children = (
				C75783091D0FA8AB00CD856B /* UIDevice+SLExtension.h */,
				C757830A1D0FA8AB00CD856B /* UIDevice+SLExtension.m */,
			);
			path = Device;
			sourceTree = "<group>";
		};
		C757830C1D0FB31700CD856B /* Network */ = {
			isa = PBXGroup;
			children = (
				C7940F9F1D1154F90095415A /* Reachability.h */,
				C7940FA01D1154F90095415A /* Reachability.m */,
				C75783101D0FB38200CD856B /* ALinNetworkTool.h */,
				C75783111D0FB38200CD856B /* ALinNetworkTool.m */,
			);
			path = Network;
			sourceTree = "<group>";
		};
		C757831C1D0FE27800CD856B /* Home */ = {
			isa = PBXGroup;
			children = (
				C757831D1D0FE27800CD856B /* Controller */,
				C75783201D0FE27800CD856B /* Model */,
				C75783251D0FE27800CD856B /* View */,
			);
			path = Home;
			sourceTree = "<group>";
		};
		C757831D1D0FE27800CD856B /* Controller */ = {
			isa = PBXGroup;
			children = (
				C757831E1D0FE27800CD856B /* HomeViewController.h */,
				C757831F1D0FE27800CD856B /* HomeViewController.m */,
			);
			path = Controller;
			sourceTree = "<group>";
		};
		C75783201D0FE27800CD856B /* Model */ = {
			isa = PBXGroup;
			children = (
				C75783211D0FE27800CD856B /* ALinLive.h */,
				C75783221D0FE27800CD856B /* ALinLive.m */,
				C75783231D0FE27800CD856B /* ALinUser.h */,
				C75783241D0FE27800CD856B /* ALinUser.m */,
			);
			path = Model;
			sourceTree = "<group>";
		};
		C75783251D0FE27800CD856B /* View */ = {
			isa = PBXGroup;
			children = (
				C75783261D0FE27800CD856B /* ALinSelectedView.h */,
				C75783271D0FE27800CD856B /* ALinSelectedView.m */,
			);
			path = View;
			sourceTree = "<group>";
		};
		C757832C1D0FE2A000CD856B /* Care */ = {
			isa = PBXGroup;
			children = (
				C757832D1D0FE2A000CD856B /* Controller */,
				C75783301D0FE2A000CD856B /* Model */,
				C75783311D0FE2A000CD856B /* View */,
			);
			path = Care;
			sourceTree = "<group>";
		};
		C757832D1D0FE2A000CD856B /* Controller */ = {
			isa = PBXGroup;
			children = (
				C75783411D0FE2DB00CD856B /* ALinCareViewController.h */,
				C75783421D0FE2DB00CD856B /* ALinCareViewController.m */,
				C757835A1D0FFCE500CD856B /* ALinCareViewController.storyboard */,
			);
			path = Controller;
			sourceTree = "<group>";
		};
		C75783301D0FE2A000CD856B /* Model */ = {
			isa = PBXGroup;
			children = (
			);
			path = Model;
			sourceTree = "<group>";
		};
		C75783311D0FE2A000CD856B /* View */ = {
			isa = PBXGroup;
			children = (
			);
			path = View;
			sourceTree = "<group>";
		};
		C75783321D0FE2A000CD856B /* Hot */ = {
			isa = PBXGroup;
			children = (
				BBBCA9951D11A17A009ADFCC /* Model */,
				BB9F77331D116A62007BB373 /* View */,
				C75783331D0FE2A000CD856B /* Controller */,
			);
			path = Hot;
			sourceTree = "<group>";
		};
		C75783331D0FE2A000CD856B /* Controller */ = {
			isa = PBXGroup;
			children = (
				C75783441D0FE2E900CD856B /* ALinHotViewController.h */,
				C75783451D0FE2E900CD856B /* ALinHotViewController.m */,
			);
			path = Controller;
			sourceTree = "<group>";
		};
		C75783381D0FE2A000CD856B /* New */ = {
			isa = PBXGroup;
			children = (
				C75783391D0FE2A000CD856B /* Controller */,
				C757833C1D0FE2A000CD856B /* Model */,
				C757833D1D0FE2A000CD856B /* View */,
			);
			path = New;
			sourceTree = "<group>";
		};
		C75783391D0FE2A000CD856B /* Controller */ = {
			isa = PBXGroup;
			children = (
				C75783471D0FE30900CD856B /* ALinNewStarViewController.h */,
				C75783481D0FE30900CD856B /* ALinNewStarViewController.m */,
			);
			path = Controller;
			sourceTree = "<group>";
		};
		C757833C1D0FE2A000CD856B /* Model */ = {
			isa = PBXGroup;
			children = (
			);
			path = Model;
			sourceTree = "<group>";
		};
		C757833D1D0FE2A000CD856B /* View */ = {
			isa = PBXGroup;
			children = (
				C757834A1D0FE71D00CD856B /* ALinAnchorViewCell.h */,
				C757834B1D0FE71D00CD856B /* ALinAnchorViewCell.m */,
				C757834C1D0FE71D00CD856B /* ALinAnchorViewCell.xib */,
				C757834F1D0FEAE300CD856B /* ALinHomeFlowLayout.h */,
				C75783501D0FEAE300CD856B /* ALinHomeFlowLayout.m */,
			);
			path = View;
			sourceTree = "<group>";
		};
		C75783521D0FF40C00CD856B /* Refresh */ = {
			isa = PBXGroup;
			children = (
				C75783531D0FF45200CD856B /* ALinRefreshGifHeader.h */,
				C75783541D0FF45200CD856B /* ALinRefreshGifHeader.m */,
			);
			path = Refresh;
			sourceTree = "<group>";
		};
		C75783561D0FF77900CD856B /* Window */ = {
			isa = PBXGroup;
			children = (
				C75783571D0FF77900CD856B /* SLTopWindow.h */,
				C75783581D0FF77900CD856B /* SLTopWindow.m */,
			);
			path = Window;
			sourceTree = "<group>";
		};
		C757835F1D1008B500CD856B /* ViewController */ = {
			isa = PBXGroup;
			children = (
				C75783601D1008B500CD856B /* UIViewController+SLExtension.h */,
				C75783611D1008B500CD856B /* UIViewController+SLExtension.m */,
			);
			path = ViewController;
			sourceTree = "<group>";
		};
		C769A8A51D29FCB2001EFB5C /* Profile */ = {
			isa = PBXGroup;
			children = (
				C769A8A61D29FCB2001EFB5C /* Controller */,
			);
			path = Profile;
			sourceTree = "<group>";
		};
		C769A8A61D29FCB2001EFB5C /* Controller */ = {
			isa = PBXGroup;
			children = (
				C769A8AA1D29FCD6001EFB5C /* ProfileController.h */,
				C769A8AB1D29FCD6001EFB5C /* ProfileController.m */,
			);
			path = Controller;
			sourceTree = "<group>";
		};
		C769A8AF1D2A09D3001EFB5C /* Filter */ = {
			isa = PBXGroup;
			children = (
				C769A8B01D2A09FC001EFB5C /* ALinGPUBeautifyFilter.h */,
				C769A8B11D2A09FC001EFB5C /* ALinGPUBeautifyFilter.m */,
			);
			path = Filter;
			sourceTree = "<group>";
		};
		C7FD57701D2BA8DA0005BA11 /* SafeObject */ = {
			isa = PBXGroup;
			children = (
				C7FD57711D2BA8DA0005BA11 /* NSSafeObject.h */,
				C7FD57721D2BA8DA0005BA11 /* NSSafeObject.m */,
			);
			path = SafeObject;
			sourceTree = "<group>";
		};
/* End PBXGroup section */

/* Begin PBXNativeTarget section */
		BBE540AC1D0F261900BF723E /* MiaowShow */ = {
			isa = PBXNativeTarget;
			buildConfigurationList = BBE540DA1D0F261900BF723E /* Build configuration list for PBXNativeTarget "MiaowShow" */;
			buildPhases = (
				6D06653B30FFF897F89744A6 /* [CP] Check Pods Manifest.lock */,
				BBE540A91D0F261900BF723E /* Sources */,
				BBE540AA1D0F261900BF723E /* Frameworks */,
				BBE540AB1D0F261900BF723E /* Resources */,
				F357DBEB56FA0172F814DF70 /* [CP] Embed Pods Frameworks */,
				EABFBD1F97C1CF5DA8973C92 /* [CP] Copy Pods Resources */,
			);
			buildRules = (
			);
			dependencies = (
			);
			name = MiaowShow;
			productName = MiaowShow;
			productReference = BBE540AD1D0F261900BF723E /* MiaowShow.app */;
			productType = "com.apple.product-type.application";
		};
		BBE540C51D0F261900BF723E /* MiaowShowTests */ = {
			isa = PBXNativeTarget;
			buildConfigurationList = BBE540DD1D0F261900BF723E /* Build configuration list for PBXNativeTarget "MiaowShowTests" */;
			buildPhases = (
				BBE540C21D0F261900BF723E /* Sources */,
				BBE540C31D0F261900BF723E /* Frameworks */,
				BBE540C41D0F261900BF723E /* Resources */,
			);
			buildRules = (
			);
			dependencies = (
				BBE540C81D0F261900BF723E /* PBXTargetDependency */,
			);
			name = MiaowShowTests;
			productName = MiaowShowTests;
			productReference = BBE540C61D0F261900BF723E /* MiaowShowTests.xctest */;
			productType = "com.apple.product-type.bundle.unit-test";
		};
		BBE540D01D0F261900BF723E /* MiaowShowUITests */ = {
			isa = PBXNativeTarget;
			buildConfigurationList = BBE540E01D0F261900BF723E /* Build configuration list for PBXNativeTarget "MiaowShowUITests" */;
			buildPhases = (
				BBE540CD1D0F261900BF723E /* Sources */,
				BBE540CE1D0F261900BF723E /* Frameworks */,
				BBE540CF1D0F261900BF723E /* Resources */,
			);
			buildRules = (
			);
			dependencies = (
				BBE540D31D0F261900BF723E /* PBXTargetDependency */,
			);
			name = MiaowShowUITests;
			productName = MiaowShowUITests;
			productReference = BBE540D11D0F261900BF723E /* MiaowShowUITests.xctest */;
			productType = "com.apple.product-type.bundle.ui-testing";
		};
/* End PBXNativeTarget section */

/* Begin PBXProject section */
		BBE540A51D0F261900BF723E /* Project object */ = {
			isa = PBXProject;
			attributes = {
				CLASSPREFIX = ALin;
				LastUpgradeCheck = 0730;
				ORGANIZATIONNAME = ALin;
				TargetAttributes = {
					BBE540AC1D0F261900BF723E = {
						CreatedOnToolsVersion = 7.3.1;
						DevelopmentTeam = AL4GV8C88Y;
					};
					BBE540C51D0F261900BF723E = {
						CreatedOnToolsVersion = 7.3.1;
						TestTargetID = BBE540AC1D0F261900BF723E;
					};
					BBE540D01D0F261900BF723E = {
						CreatedOnToolsVersion = 7.3.1;
						TestTargetID = BBE540AC1D0F261900BF723E;
					};
				};
			};
			buildConfigurationList = BBE540A81D0F261900BF723E /* Build configuration list for PBXProject "MiaowShow" */;
			compatibilityVersion = "Xcode 3.2";
			developmentRegion = English;
			hasScannedForEncodings = 0;
			knownRegions = (
				en,
				Base,
			);
			mainGroup = BBE540A41D0F261900BF723E;
			productRefGroup = BBE540AE1D0F261900BF723E /* Products */;
			projectDirPath = "";
			projectRoot = "";
			targets = (
				BBE540AC1D0F261900BF723E /* MiaowShow */,
				BBE540C51D0F261900BF723E /* MiaowShowTests */,
				BBE540D01D0F261900BF723E /* MiaowShowUITests */,
			);
		};
/* End PBXProject section */

/* Begin PBXResourcesBuildPhase section */
		BBE540AB1D0F261900BF723E /* Resources */ = {
			isa = PBXResourcesBuildPhase;
			buildActionMask = 2147483647;
			files = (
				C7FD57751D2BAA3F0005BA11 /* danmu.plist in Resources */,
				BBE540C01D0F261900BF723E /* LaunchScreen.storyboard in Resources */,
				C73F72071D12573100F28090 /* ALinLiveAnchorView.xib in Resources */,
				BBE540F11D0F26F300BF723E /* loginmovie.mp4 in Resources */,
				BB219BC81D22D06C00AF44C1 /* ALinUserView.xib in Resources */,
				C757835B1D0FFCE500CD856B /* ALinCareViewController.storyboard in Resources */,
				C769A8AE1D2A029C001EFB5C /* ShowTimeViewController.storyboard in Resources */,
				C73F724B1D12AAFD00F28090 /* user.plist in Resources */,
				BB9F77381D116A85007BB373 /* ALinHotLiveCell.xib in Resources */,
				BBE540F01D0F26F300BF723E /* login_video.mp4 in Resources */,
				BBE540BD1D0F261900BF723E /* Assets.xcassets in Resources */,
				C78DB1221D13ACF60060D941 /* ALinCatEarView.xib in Resources */,
				BB87BC421D25A3E8000B084D /* ALinLiveEndView.xib in Resources */,
				C757834E1D0FE71D00CD856B /* ALinAnchorViewCell.xib in Resources */,
			);
			runOnlyForDeploymentPostprocessing = 0;
		};
		BBE540C41D0F261900BF723E /* Resources */ = {
			isa = PBXResourcesBuildPhase;
			buildActionMask = 2147483647;
			files = (
			);
			runOnlyForDeploymentPostprocessing = 0;
		};
		BBE540CF1D0F261900BF723E /* Resources */ = {
			isa = PBXResourcesBuildPhase;
			buildActionMask = 2147483647;
			files = (
			);
			runOnlyForDeploymentPostprocessing = 0;
		};
/* End PBXResourcesBuildPhase section */

/* Begin PBXShellScriptBuildPhase section */
		6D06653B30FFF897F89744A6 /* [CP] Check Pods Manifest.lock */ = {
			isa = PBXShellScriptBuildPhase;
			buildActionMask = 2147483647;
			files = (
			);
			inputPaths = (
			);
			name = "[CP] Check Pods Manifest.lock";
			outputPaths = (
			);
			runOnlyForDeploymentPostprocessing = 0;
			shellPath = /bin/sh;
			shellScript = "diff \"${PODS_ROOT}/../Podfile.lock\" \"${PODS_ROOT}/Manifest.lock\" > /dev/null\nif [[ $? != 0 ]] ; then\n    cat << EOM\nerror: The sandbox is not in sync with the Podfile.lock. Run 'pod install' or update your CocoaPods installation.\nEOM\n    exit 1\nfi\n";
			showEnvVarsInLog = 0;
		};
		EABFBD1F97C1CF5DA8973C92 /* [CP] Copy Pods Resources */ = {
			isa = PBXShellScriptBuildPhase;
			buildActionMask = 2147483647;
			files = (
			);
			inputPaths = (
			);
			name = "[CP] Copy Pods Resources";
			outputPaths = (
			);
			runOnlyForDeploymentPostprocessing = 0;
			shellPath = /bin/sh;
			shellScript = "\"${SRCROOT}/Pods/Target Support Files/Pods-MiaowShow/Pods-MiaowShow-resources.sh\"\n";
			showEnvVarsInLog = 0;
		};
		F357DBEB56FA0172F814DF70 /* [CP] Embed Pods Frameworks */ = {
			isa = PBXShellScriptBuildPhase;
			buildActionMask = 2147483647;
			files = (
			);
			inputPaths = (
			);
			name = "[CP] Embed Pods Frameworks";
			outputPaths = (
			);
			runOnlyForDeploymentPostprocessing = 0;
			shellPath = /bin/sh;
			shellScript = "\"${SRCROOT}/Pods/Target Support Files/Pods-MiaowShow/Pods-MiaowShow-frameworks.sh\"\n";
			showEnvVarsInLog = 0;
		};
/* End PBXShellScriptBuildPhase section */

/* Begin PBXSourcesBuildPhase section */
		BBE540A91D0F261900BF723E /* Sources */ = {
			isa = PBXSourcesBuildPhase;
			buildActionMask = 2147483647;
			files = (
				BB4980531D23FDC20078D725 /* ALinLiveViewCell.m in Sources */,
				C7940FA11D1154F90095415A /* Reachability.m in Sources */,
				BB72077B1D1BE542007930D4 /* ALinLiveFlowLayout.m in Sources */,
				BBE540B51D0F261900BF723E /* AppDelegate.m in Sources */,
				C70620BE1D12381A00DA3B9B /* UIImageView+Extension.m in Sources */,
				C757832B1D0FE27800CD856B /* ALinSelectedView.m in Sources */,
				C75783071D0FA61300CD856B /* ALinConstant.m in Sources */,
				BBE540B21D0F261900BF723E /* main.m in Sources */,
				C75783591D0FF77900CD856B /* SLTopWindow.m in Sources */,
				C75783621D1008B500CD856B /* UIViewController+SLExtension.m in Sources */,
				C73F71FC1D12422500F28090 /* UIImage+ALinExtension.m in Sources */,
				C769A8AC1D29FCD6001EFB5C /* ProfileController.m in Sources */,
				BBE540EF1D0F26F300BF723E /* ThirdLoginView.m in Sources */,
				C7FD57731D2BA8DA0005BA11 /* NSSafeObject.m in Sources */,
				C72A3F2D1D0F93CE002FC3F5 /* UIView+SLExtension.m in Sources */,
				C75783121D0FB38200CD856B /* ALinNetworkTool.m in Sources */,
				C73F72051D12564800F28090 /* ALinLiveAnchorView.m in Sources */,
				BBDA0D821D2AB3EB00B49588 /* ALinH264Encoder.m in Sources */,
				BB9F77371D116A85007BB373 /* ALinHotLiveCell.m in Sources */,
				C75783281D0FE27800CD856B /* HomeViewController.m in Sources */,
				C75783291D0FE27800CD856B /* ALinLive.m in Sources */,
				BB87BC401D25A3D4000B084D /* ALinLiveEndView.m in Sources */,
				BBBCA9941D119FB3009ADFCC /* ALinHomeADCell.m in Sources */,
				BBBCA99D1D11A992009ADFCC /* XRCarouselView.m in Sources */,
				C769A8B21D2A09FC001EFB5C /* ALinGPUBeautifyFilter.m in Sources */,
				C72A3F491D0F9A6F002FC3F5 /* ALinNavigationController.m in Sources */,
				BB219BCB1D22E4C500AF44C1 /* NSObject+ALinHUD.m in Sources */,
				C75783461D0FE2E900CD856B /* ALinHotViewController.m in Sources */,
				BBBCA9981D11A186009ADFCC /* ALinTopAD.m in Sources */,
				C75783491D0FE30900CD856B /* ALinNewStarViewController.m in Sources */,
				C75783511D0FEAE300CD856B /* ALinHomeFlowLayout.m in Sources */,
				BB7207751D1BDBDD007930D4 /* ALinLiveCollectionViewController.m in Sources */,
				C78DB1201D13AC900060D941 /* ALinCatEarView.m in Sources */,
				C757830B1D0FA8AB00CD856B /* UIDevice+SLExtension.m in Sources */,
				C757832A1D0FE27800CD856B /* ALinUser.m in Sources */,
				C72A3F311D0F9544002FC3F5 /* MainViewController.m in Sources */,
				BBBCA9A51D11B486009ADFCC /* ALinWebViewController.m in Sources */,
				C72A3F291D0F939D002FC3F5 /* UIViewController+SLHUD.m in Sources */,
				C73F72001D12488900F28090 /* ALinBottomToolView.m in Sources */,
				C75783551D0FF45200CD856B /* ALinRefreshGifHeader.m in Sources */,
				C75783431D0FE2DB00CD856B /* ALinCareViewController.m in Sources */,
				C757834D1D0FE71D00CD856B /* ALinAnchorViewCell.m in Sources */,
				BB219BC61D22D06200AF44C1 /* ALinUserView.m in Sources */,
				BBE540EE1D0F26F300BF723E /* LoginViewController.m in Sources */,
				C72A3F461D0F981B002FC3F5 /* ShowTimeViewController.m in Sources */,
			);
			runOnlyForDeploymentPostprocessing = 0;
		};
		BBE540C21D0F261900BF723E /* Sources */ = {
			isa = PBXSourcesBuildPhase;
			buildActionMask = 2147483647;
			files = (
				BBE540CB1D0F261900BF723E /* MiaowShowTests.m in Sources */,
			);
			runOnlyForDeploymentPostprocessing = 0;
		};
		BBE540CD1D0F261900BF723E /* Sources */ = {
			isa = PBXSourcesBuildPhase;
			buildActionMask = 2147483647;
			files = (
				BBE540D61D0F261900BF723E /* MiaowShowUITests.m in Sources */,
			);
			runOnlyForDeploymentPostprocessing = 0;
		};
/* End PBXSourcesBuildPhase section */

/* Begin PBXTargetDependency section */
		BBE540C81D0F261900BF723E /* PBXTargetDependency */ = {
			isa = PBXTargetDependency;
			target = BBE540AC1D0F261900BF723E /* MiaowShow */;
			targetProxy = BBE540C71D0F261900BF723E /* PBXContainerItemProxy */;
		};
		BBE540D31D0F261900BF723E /* PBXTargetDependency */ = {
			isa = PBXTargetDependency;
			target = BBE540AC1D0F261900BF723E /* MiaowShow */;
			targetProxy = BBE540D21D0F261900BF723E /* PBXContainerItemProxy */;
		};
/* End PBXTargetDependency section */

/* Begin PBXVariantGroup section */
		BBE540BE1D0F261900BF723E /* LaunchScreen.storyboard */ = {
			isa = PBXVariantGroup;
			children = (
				BBE540BF1D0F261900BF723E /* Base */,
			);
			name = LaunchScreen.storyboard;
			sourceTree = "<group>";
		};
/* End PBXVariantGroup section */

/* Begin XCBuildConfiguration section */
		BBE540D81D0F261900BF723E /* Debug */ = {
			isa = XCBuildConfiguration;
			buildSettings = {
				ALWAYS_SEARCH_USER_PATHS = NO;
				CLANG_ANALYZER_NONNULL = YES;
				CLANG_CXX_LANGUAGE_STANDARD = "gnu++0x";
				CLANG_CXX_LIBRARY = "libc++";
				CLANG_ENABLE_MODULES = YES;
				CLANG_ENABLE_OBJC_ARC = YES;
				CLANG_WARN_BOOL_CONVERSION = YES;
				CLANG_WARN_CONSTANT_CONVERSION = YES;
				CLANG_WARN_DIRECT_OBJC_ISA_USAGE = YES_ERROR;
				CLANG_WARN_EMPTY_BODY = YES;
				CLANG_WARN_ENUM_CONVERSION = YES;
				CLANG_WARN_INT_CONVERSION = YES;
				CLANG_WARN_OBJC_ROOT_CLASS = YES_ERROR;
				CLANG_WARN_UNREACHABLE_CODE = YES;
				CLANG_WARN__DUPLICATE_METHOD_MATCH = YES;
				"CODE_SIGN_IDENTITY[sdk=iphoneos*]" = "iPhone Developer";
				COPY_PHASE_STRIP = NO;
				DEBUG_INFORMATION_FORMAT = dwarf;
				ENABLE_STRICT_OBJC_MSGSEND = YES;
				ENABLE_TESTABILITY = YES;
				GCC_C_LANGUAGE_STANDARD = gnu99;
				GCC_DYNAMIC_NO_PIC = NO;
				GCC_NO_COMMON_BLOCKS = YES;
				GCC_OPTIMIZATION_LEVEL = 0;
				GCC_PREPROCESSOR_DEFINITIONS = (
					"DEBUG=1",
					"$(inherited)",
				);
				GCC_WARN_64_TO_32_BIT_CONVERSION = YES;
				GCC_WARN_ABOUT_RETURN_TYPE = YES_ERROR;
				GCC_WARN_UNDECLARED_SELECTOR = YES;
				GCC_WARN_UNINITIALIZED_AUTOS = YES_AGGRESSIVE;
				GCC_WARN_UNUSED_FUNCTION = YES;
				GCC_WARN_UNUSED_VARIABLE = YES;
				IPHONEOS_DEPLOYMENT_TARGET = 9.3;
				MTL_ENABLE_DEBUG_INFO = YES;
				ONLY_ACTIVE_ARCH = YES;
				SDKROOT = iphoneos;
			};
			name = Debug;
		};
		BBE540D91D0F261900BF723E /* Release */ = {
			isa = XCBuildConfiguration;
			buildSettings = {
				ALWAYS_SEARCH_USER_PATHS = NO;
				CLANG_ANALYZER_NONNULL = YES;
				CLANG_CXX_LANGUAGE_STANDARD = "gnu++0x";
				CLANG_CXX_LIBRARY = "libc++";
				CLANG_ENABLE_MODULES = YES;
				CLANG_ENABLE_OBJC_ARC = YES;
				CLANG_WARN_BOOL_CONVERSION = YES;
				CLANG_WARN_CONSTANT_CONVERSION = YES;
				CLANG_WARN_DIRECT_OBJC_ISA_USAGE = YES_ERROR;
				CLANG_WARN_EMPTY_BODY = YES;
				CLANG_WARN_ENUM_CONVERSION = YES;
				CLANG_WARN_INT_CONVERSION = YES;
				CLANG_WARN_OBJC_ROOT_CLASS = YES_ERROR;
				CLANG_WARN_UNREACHABLE_CODE = YES;
				CLANG_WARN__DUPLICATE_METHOD_MATCH = YES;
				"CODE_SIGN_IDENTITY[sdk=iphoneos*]" = "iPhone Developer";
				COPY_PHASE_STRIP = NO;
				DEBUG_INFORMATION_FORMAT = "dwarf-with-dsym";
				ENABLE_NS_ASSERTIONS = NO;
				ENABLE_STRICT_OBJC_MSGSEND = YES;
				GCC_C_LANGUAGE_STANDARD = gnu99;
				GCC_NO_COMMON_BLOCKS = YES;
				GCC_WARN_64_TO_32_BIT_CONVERSION = YES;
				GCC_WARN_ABOUT_RETURN_TYPE = YES_ERROR;
				GCC_WARN_UNDECLARED_SELECTOR = YES;
				GCC_WARN_UNINITIALIZED_AUTOS = YES_AGGRESSIVE;
				GCC_WARN_UNUSED_FUNCTION = YES;
				GCC_WARN_UNUSED_VARIABLE = YES;
				IPHONEOS_DEPLOYMENT_TARGET = 9.3;
				MTL_ENABLE_DEBUG_INFO = NO;
				SDKROOT = iphoneos;
				VALIDATE_PRODUCT = YES;
			};
			name = Release;
		};
		BBE540DB1D0F261900BF723E /* Debug */ = {
			isa = XCBuildConfiguration;
			baseConfigurationReference = CCCED8D8316CB6B54734EF98 /* Pods-MiaowShow.debug.xcconfig */;
			buildSettings = {
				ASSETCATALOG_COMPILER_APPICON_NAME = AppIcon;
				CODE_SIGN_IDENTITY = "iPhone Developer";
				"CODE_SIGN_IDENTITY[sdk=iphoneos*]" = "iPhone Developer";
				FRAMEWORK_SEARCH_PATHS = (
					"$(inherited)",
					"$(PROJECT_DIR)/MiaowShow/Frameworks",
					"$(PROJECT_DIR)/MiaowShow",
					"$(PROJECT_DIR)/MiaowShow/Classes/Frameworks",
				);
				GCC_PRECOMPILE_PREFIX_HEADER = YES;
				GCC_PREFIX_HEADER = MiaowShow/Classes/Resource/PrefixHeader.pch;
				INFOPLIST_FILE = MiaowShow/Info.plist;
				IPHONEOS_DEPLOYMENT_TARGET = 8.0;
				LD_RUNPATH_SEARCH_PATHS = "$(inherited) @executable_path/Frameworks";
				PRODUCT_BUNDLE_IDENTIFIER = com.sl.MiaowShow;
				PRODUCT_NAME = "$(TARGET_NAME)";
				PROVISIONING_PROFILE = "";
			};
			name = Debug;
		};
		BBE540DC1D0F261900BF723E /* Release */ = {
			isa = XCBuildConfiguration;
			baseConfigurationReference = 343A1FB4B109EE1106C1EA18 /* Pods-MiaowShow.release.xcconfig */;
			buildSettings = {
				ASSETCATALOG_COMPILER_APPICON_NAME = AppIcon;
				CODE_SIGN_IDENTITY = "iPhone Developer";
				"CODE_SIGN_IDENTITY[sdk=iphoneos*]" = "iPhone Developer";
				FRAMEWORK_SEARCH_PATHS = (
					"$(inherited)",
					"$(PROJECT_DIR)/MiaowShow/Frameworks",
					"$(PROJECT_DIR)/MiaowShow",
					"$(PROJECT_DIR)/MiaowShow/Classes/Frameworks",
				);
				GCC_PRECOMPILE_PREFIX_HEADER = YES;
				GCC_PREFIX_HEADER = MiaowShow/Classes/Resource/PrefixHeader.pch;
				INFOPLIST_FILE = MiaowShow/Info.plist;
				IPHONEOS_DEPLOYMENT_TARGET = 8.0;
				LD_RUNPATH_SEARCH_PATHS = "$(inherited) @executable_path/Frameworks";
				PRODUCT_BUNDLE_IDENTIFIER = com.sl.MiaowShow;
				PRODUCT_NAME = "$(TARGET_NAME)";
				PROVISIONING_PROFILE = "";
			};
			name = Release;
		};
		BBE540DE1D0F261900BF723E /* Debug */ = {
			isa = XCBuildConfiguration;
			buildSettings = {
				BUNDLE_LOADER = "$(TEST_HOST)";
				INFOPLIST_FILE = MiaowShowTests/Info.plist;
				LD_RUNPATH_SEARCH_PATHS = "$(inherited) @executable_path/Frameworks @loader_path/Frameworks";
				PRODUCT_BUNDLE_IDENTIFIER = com.sl.MiaowShowTests;
				PRODUCT_NAME = "$(TARGET_NAME)";
				TEST_HOST = "$(BUILT_PRODUCTS_DIR)/MiaowShow.app/MiaowShow";
			};
			name = Debug;
		};
		BBE540DF1D0F261900BF723E /* Release */ = {
			isa = XCBuildConfiguration;
			buildSettings = {
				BUNDLE_LOADER = "$(TEST_HOST)";
				INFOPLIST_FILE = MiaowShowTests/Info.plist;
				LD_RUNPATH_SEARCH_PATHS = "$(inherited) @executable_path/Frameworks @loader_path/Frameworks";
				PRODUCT_BUNDLE_IDENTIFIER = com.sl.MiaowShowTests;
				PRODUCT_NAME = "$(TARGET_NAME)";
				TEST_HOST = "$(BUILT_PRODUCTS_DIR)/MiaowShow.app/MiaowShow";
			};
			name = Release;
		};
		BBE540E11D0F261900BF723E /* Debug */ = {
			isa = XCBuildConfiguration;
			buildSettings = {
				INFOPLIST_FILE = MiaowShowUITests/Info.plist;
				LD_RUNPATH_SEARCH_PATHS = "$(inherited) @executable_path/Frameworks @loader_path/Frameworks";
				PRODUCT_BUNDLE_IDENTIFIER = com.sl.MiaowShowUITests;
				PRODUCT_NAME = "$(TARGET_NAME)";
				TEST_TARGET_NAME = MiaowShow;
			};
			name = Debug;
		};
		BBE540E21D0F261900BF723E /* Release */ = {
			isa = XCBuildConfiguration;
			buildSettings = {
				INFOPLIST_FILE = MiaowShowUITests/Info.plist;
				LD_RUNPATH_SEARCH_PATHS = "$(inherited) @executable_path/Frameworks @loader_path/Frameworks";
				PRODUCT_BUNDLE_IDENTIFIER = com.sl.MiaowShowUITests;
				PRODUCT_NAME = "$(TARGET_NAME)";
				TEST_TARGET_NAME = MiaowShow;
			};
			name = Release;
		};
/* End XCBuildConfiguration section */

/* Begin XCConfigurationList section */
		BBE540A81D0F261900BF723E /* Build configuration list for PBXProject "MiaowShow" */ = {
			isa = XCConfigurationList;
			buildConfigurations = (
				BBE540D81D0F261900BF723E /* Debug */,
				BBE540D91D0F261900BF723E /* Release */,
			);
			defaultConfigurationIsVisible = 0;
			defaultConfigurationName = Release;
		};
		BBE540DA1D0F261900BF723E /* Build configuration list for PBXNativeTarget "MiaowShow" */ = {
			isa = XCConfigurationList;
			buildConfigurations = (
				BBE540DB1D0F261900BF723E /* Debug */,
				BBE540DC1D0F261900BF723E /* Release */,
			);
			defaultConfigurationIsVisible = 0;
			defaultConfigurationName = Release;
		};
		BBE540DD1D0F261900BF723E /* Build configuration list for PBXNativeTarget "MiaowShowTests" */ = {
			isa = XCConfigurationList;
			buildConfigurations = (
				BBE540DE1D0F261900BF723E /* Debug */,
				BBE540DF1D0F261900BF723E /* Release */,
			);
			defaultConfigurationIsVisible = 0;
			defaultConfigurationName = Release;
		};
		BBE540E01D0F261900BF723E /* Build configuration list for PBXNativeTarget "MiaowShowUITests" */ = {
			isa = XCConfigurationList;
			buildConfigurations = (
				BBE540E11D0F261900BF723E /* Debug */,
				BBE540E21D0F261900BF723E /* Release */,
			);
			defaultConfigurationIsVisible = 0;
			defaultConfigurationName = Release;
		};
/* End XCConfigurationList section */
	};
	rootObject = BBE540A51D0F261900BF723E /* Project object */;
}
